
Microsoft Visual Studio Solution File, Format Version 12.00
# Visual Studio Version 16
VisualStudioVersion = 16.0.30517.126
MinimumVisualStudioVersion = 10.0.40219.1
Project("{FAE04EC0-301F-11D3-BF4B-00C04F79EFBC}") = "CoffeeShop", "CoffeeShop\CoffeeShop.csproj", "{AF2D4C0A-151F-40FB-827C-C6DFF9D10E3C}"
EndProject
Global
	GlobalSection(SolutionConfigurationPlatforms) = preSolution
		Debug|Any CPU = Debug|Any CPU
		Release|Any CPU = Release|Any CPU
	EndGlobalSection
	GlobalSection(ProjectConfigurationPlatforms) = postSolution
		{AF2D4C0A-151F-40FB-827C-C6DFF9D10E3C}.Debug|Any CPU.ActiveCfg = Debug|Any CPU
		{AF2D4C0A-151F-40FB-827C-C6DFF9D10E3C}.Debug|Any CPU.Build.0 = Debug|Any CPU
		{AF2D4C0A-151F-40FB-827C-C6DFF9D10E3C}.Release|Any CPU.ActiveCfg = Release|Any CPU
		{AF2D4C0A-151F-40FB-827C-C6DFF9D10E3C}.Release|Any CPU.Build.0 = Release|Any CPU
	EndGlobalSection
	GlobalSection(SolutionProperties) = preSolution
		HideSolutionNode = FALSE
	EndGlobalSection
	GlobalSection(ExtensibilityGlobals) = postSolution
		SolutionGuid = {5574C782-A2A7-41CC-B30B-AA01B54244C8}
	EndGlobalSection
EndGlobal
